id: DL3BWT9_QNX2HHD792ofh
name: Clock
manufacturer: waves-factory
primaryCategory: sound-library
categories:
  - virtual-instrument
  - sampler
platforms:
  - mac
  - windows
url: https://www.wavesfactory.com/free-kontakt-libraries
prices:
  - amount: 0
    currency: EUR
description: Sound collection recorded from a vintage wall clock.
details: |-
  Vintage wall clock sound samples.
specs: |-
  Requires Kontakt (full version).
